
Microsoft Visual Studio Solution File, Format Version 12.00
# Visual Studio 15
VisualStudioVersion = 15.0.26124.0
MinimumVisualStudioVersion = 15.0.26124.0
Project("{FAE04EC0-301F-11D3-BF4B-00C04F79EFBC}") = "Domain", "Domain\Domain.csproj", "{86A16FA6-17CD-47F5-94E8-BECA1813355C}"
EndProject
Project("{FAE04EC0-301F-11D3-BF4B-00C04F79EFBC}") = "Application", "Application\Application.csproj", "{62CA2219-1B38-4AEE-B1E2-4DC115FE9D75}"
EndProject
Project("{FAE04EC0-301F-11D3-BF4B-00C04F79EFBC}") = "Persistence", "Persistence\Persistence.csproj", "{14D19BF6-999A-4D73-A6F9-3B929D2B43B2}"
EndProject
Project("{FAE04EC0-301F-11D3-BF4B-00C04F79EFBC}") = "API", "API\API.csproj", "{E3AC0DC5-1F19-4964-A114-61FE802CEFB2}"
EndProject
Project("{FAE04EC0-301F-11D3-BF4B-00C04F79EFBC}") = "Tests", "Tests\Tests.csproj", "{CEA21ACA-4E8F-452F-8932-FDDF3FD50AC5}"
EndProject
Global
	GlobalSection(SolutionConfigurationPlatforms) = preSolution
		Debug|Any CPU = Debug|Any CPU
		Debug|x64 = Debug|x64
		Debug|x86 = Debug|x86
		Release|Any CPU = Release|Any CPU
		Release|x64 = Release|x64
		Release|x86 = Release|x86
	EndGlobalSection
	GlobalSection(SolutionProperties) = preSolution
		HideSolutionNode = FALSE
	EndGlobalSection
	GlobalSection(ProjectConfigurationPlatforms) = postSolution
		{86A16FA6-17CD-47F5-94E8-BECA1813355C}.Debug|Any CPU.ActiveCfg = Debug|Any CPU
		{86A16FA6-17CD-47F5-94E8-BECA1813355C}.Debug|Any CPU.Build.0 = Debug|Any CPU
		{86A16FA6-17CD-47F5-94E8-BECA1813355C}.Debug|x64.ActiveCfg = Debug|Any CPU
		{86A16FA6-17CD-47F5-94E8-BECA1813355C}.Debug|x64.Build.0 = Debug|Any CPU
		{86A16FA6-17CD-47F5-94E8-BECA1813355C}.Debug|x86.ActiveCfg = Debug|Any CPU
		{86A16FA6-17CD-47F5-94E8-BECA1813355C}.Debug|x86.Build.0 = Debug|Any CPU
		{86A16FA6-17CD-47F5-94E8-BECA1813355C}.Release|Any CPU.ActiveCfg = Release|Any CPU
		{86A16FA6-17CD-47F5-94E8-BECA1813355C}.Release|Any CPU.Build.0 = Release|Any CPU
		{86A16FA6-17CD-47F5-94E8-BECA1813355C}.Release|x64.ActiveCfg = Release|Any CPU
		{86A16FA6-17CD-47F5-94E8-BECA1813355C}.Release|x64.Build.0 = Release|Any CPU
		{86A16FA6-17CD-47F5-94E8-BECA1813355C}.Release|x86.ActiveCfg = Release|Any CPU
		{86A16FA6-17CD-47F5-94E8-BECA1813355C}.Release|x86.Build.0 = Release|Any CPU
		{62CA2219-1B38-4AEE-B1E2-4DC115FE9D75}.Debug|Any CPU.ActiveCfg = Debug|Any CPU
		{62CA2219-1B38-4AEE-B1E2-4DC115FE9D75}.Debug|Any CPU.Build.0 = Debug|Any CPU
		{62CA2219-1B38-4AEE-B1E2-4DC115FE9D75}.Debug|x64.ActiveCfg = Debug|Any CPU
		{62CA2219-1B38-4AEE-B1E2-4DC115FE9D75}.Debug|x64.Build.0 = Debug|Any CPU
		{62CA2219-1B38-4AEE-B1E2-4DC115FE9D75}.Debug|x86.ActiveCfg = Debug|Any CPU
		{62CA2219-1B38-4AEE-B1E2-4DC115FE9D75}.Debug|x86.Build.0 = Debug|Any CPU
		{62CA2219-1B38-4AEE-B1E2-4DC115FE9D75}.Release|Any CPU.ActiveCfg = Release|Any CPU
		{62CA2219-1B38-4AEE-B1E2-4DC115FE9D75}.Release|Any CPU.Build.0 = Release|Any CPU
		{62CA2219-1B38-4AEE-B1E2-4DC115FE9D75}.Release|x64.ActiveCfg = Release|Any CPU
		{62CA2219-1B38-4AEE-B1E2-4DC115FE9D75}.Release|x64.Build.0 = Release|Any CPU
		{62CA2219-1B38-4AEE-B1E2-4DC115FE9D75}.Release|x86.ActiveCfg = Release|Any CPU
		{62CA2219-1B38-4AEE-B1E2-4DC115FE9D75}.Release|x86.Build.0 = Release|Any CPU
		{14D19BF6-999A-4D73-A6F9-3B929D2B43B2}.Debug|Any CPU.ActiveCfg = Debug|Any CPU
		{14D19BF6-999A-4D73-A6F9-3B929D2B43B2}.Debug|Any CPU.Build.0 = Debug|Any CPU
		{14D19BF6-999A-4D73-A6F9-3B929D2B43B2}.Debug|x64.ActiveCfg = Debug|Any CPU
		{14D19BF6-999A-4D73-A6F9-3B929D2B43B2}.Debug|x64.Build.0 = Debug|Any CPU
		{14D19BF6-999A-4D73-A6F9-3B929D2B43B2}.Debug|x86.ActiveCfg = Debug|Any CPU
		{14D19BF6-999A-4D73-A6F9-3B929D2B43B2}.Debug|x86.Build.0 = Debug|Any CPU
		{14D19BF6-999A-4D73-A6F9-3B929D2B43B2}.Release|Any CPU.ActiveCfg = Release|Any CPU
		{14D19BF6-999A-4D73-A6F9-3B929D2B43B2}.Release|Any CPU.Build.0 = Release|Any CPU
		{14D19BF6-999A-4D73-A6F9-3B929D2B43B2}.Release|x64.ActiveCfg = Release|Any CPU
		{14D19BF6-999A-4D73-A6F9-3B929D2B43B2}.Release|x64.Build.0 = Release|Any CPU
		{14D19BF6-999A-4D73-A6F9-3B929D2B43B2}.Release|x86.ActiveCfg = Release|Any CPU
		{14D19BF6-999A-4D73-A6F9-3B929D2B43B2}.Release|x86.Build.0 = Release|Any CPU
		{E3AC0DC5-1F19-4964-A114-61FE802CEFB2}.Debug|Any CPU.ActiveCfg = Debug|Any CPU
		{E3AC0DC5-1F19-4964-A114-61FE802CEFB2}.Debug|Any CPU.Build.0 = Debug|Any CPU
		{E3AC0DC5-1F19-4964-A114-61FE802CEFB2}.Debug|x64.ActiveCfg = Debug|Any CPU
		{E3AC0DC5-1F19-4964-A114-61FE802CEFB2}.Debug|x64.Build.0 = Debug|Any CPU
		{E3AC0DC5-1F19-4964-A114-61FE802CEFB2}.Debug|x86.ActiveCfg = Debug|Any CPU
		{E3AC0DC5-1F19-4964-A114-61FE802CEFB2}.Debug|x86.Build.0 = Debug|Any CPU
		{E3AC0DC5-1F19-4964-A114-61FE802CEFB2}.Release|Any CPU.ActiveCfg = Release|Any CPU
		{E3AC0DC5-1F19-4964-A114-61FE802CEFB2}.Release|Any CPU.Build.0 = Release|Any CPU
		{E3AC0DC5-1F19-4964-A114-61FE802CEFB2}.Release|x64.ActiveCfg = Release|Any CPU
		{E3AC0DC5-1F19-4964-A114-61FE802CEFB2}.Release|x64.Build.0 = Release|Any CPU
		{E3AC0DC5-1F19-4964-A114-61FE802CEFB2}.Release|x86.ActiveCfg = Release|Any CPU
		{E3AC0DC5-1F19-4964-A114-61FE802CEFB2}.Release|x86.Build.0 = Release|Any CPU
		{CEA21ACA-4E8F-452F-8932-FDDF3FD50AC5}.Debug|Any CPU.ActiveCfg = Debug|Any CPU
		{CEA21ACA-4E8F-452F-8932-FDDF3FD50AC5}.Debug|Any CPU.Build.0 = Debug|Any CPU
		{CEA21ACA-4E8F-452F-8932-FDDF3FD50AC5}.Debug|x64.ActiveCfg = Debug|Any CPU
		{CEA21ACA-4E8F-452F-8932-FDDF3FD50AC5}.Debug|x64.Build.0 = Debug|Any CPU
		{CEA21ACA-4E8F-452F-8932-FDDF3FD50AC5}.Debug|x86.ActiveCfg = Debug|Any CPU
		{CEA21ACA-4E8F-452F-8932-FDDF3FD50AC5}.Debug|x86.Build.0 = Debug|Any CPU
		{CEA21ACA-4E8F-452F-8932-FDDF3FD50AC5}.Release|Any CPU.ActiveCfg = Release|Any CPU
		{CEA21ACA-4E8F-452F-8932-FDDF3FD50AC5}.Release|Any CPU.Build.0 = Release|Any CPU
		{CEA21ACA-4E8F-452F-8932-FDDF3FD50AC5}.Release|x64.ActiveCfg = Release|Any CPU
		{CEA21ACA-4E8F-452F-8932-FDDF3FD50AC5}.Release|x64.Build.0 = Release|Any CPU
		{CEA21ACA-4E8F-452F-8932-FDDF3FD50AC5}.Release|x86.ActiveCfg = Release|Any CPU
		{CEA21ACA-4E8F-452F-8932-FDDF3FD50AC5}.Release|x86.Build.0 = Release|Any CPU
	EndGlobalSection
EndGlobal
